# This file is automatically @generated by Poetry 2.2.1 and should not be changed by hand.

[[package]]
name = "black"
version = "26.3.1"
description = "The uncompromising code formatter."
optional = false
python-versions = ">=3.10"
groups = ["dev"]
files = [
    {file = "black-26.3.1-cp310-cp310-macosx_10_9_x86_64.whl", hash = "sha256:86a8b5035fce64f5dcd1b794cf8ec4d31fe458cf6ce3986a30deb434df82a1d2"},
    {file = "black-26.3.1-cp310-cp310-macosx_11_0_arm64.whl", hash = "sha256:5602bdb96d52d2d0672f24f6ffe5218795736dd34807fd0fd55ccd6bf206168b"},
    {file = "black-26.3.1-cp310-cp310-manylinux2014_x86_64.manylinux_2_17_x86_64.manylinux_2_28_x86_64.whl", hash = "sha256:6c54a4a82e291a1fee5137371ab488866b7c86a3305af4026bdd4dc78642e1ac"},
    {file = "black-26.3.1-cp310-cp310-win_amd64.whl", hash = "sha256:6e131579c243c98f35bce64a7e08e87fb2d610544754675d4a0e73a070a5aa3a"},
    {file = "black-26.3.1-cp310-cp310-win_arm64.whl", hash = "sha256:5ed0ca58586c8d9a487352a96b15272b7fa55d139fc8496b519e78023a8dab0a"},
    {file = "black-26.3.1-cp311-cp311-macosx_10_9_x86_64.whl", hash = "sha256:28ef38aee69e4b12fda8dba75e21f9b4f979b490c8ac0baa7cb505369ac9e1ff"},
    {file = "black-26.3.1-cp311-cp311-macosx_11_0_arm64.whl", hash = "sha256:bf9bf162ed91a26f1adba8efda0b573bc6924ec1408a52cc6f82cb73ec2b142c"},
    {file = "black-26.3.1-cp311-cp311-manylinux2014_x86_64.manylinux_2_17_x86_64.manylinux_2_28_x86_64.whl", hash = "sha256:474c27574d6d7037c1bc875a81d9be0a9a4f9ee95e62800dab3cfaadbf75acd5"},
    {file = "black-26.3.1-cp311-cp311-win_amd64.whl", hash = "sha256:5e9d0d86df21f2e1677cc4bd090cd0e446278bcbbe49bf3659c308c3e402843e"},
    {file = "black-26.3.1-cp311-cp311-win_arm64.whl", hash = "sha256:9a5e9f45e5d5e1c5b5c29b3bd4265dcc90e8b92cf4534520896ed77f791f4da5"},
    {file = "black-26.3.1-cp312-cp312-macosx_10_13_x86_64.whl", hash = "sha256:b5e6f89631eb88a7302d416594a32faeee9fb8fb848290da9d0a5f2903519fc1"},
    {file = "black-26.3.1-cp312-cp312-macosx_11_0_arm64.whl", hash = "sha256:41cd2012d35b47d589cb8a16faf8a32ef7a336f56356babd9fcf70939ad1897f"},
    {file = "black-26.3.1-cp312-cp312-manylinux2014_x86_64.manylinux_2_17_x86_64.manylinux_2_28_x86_64.whl", hash = "sha256:0f76ff19ec5297dd8e66eb64deda23631e642c9393ab592826fd4bdc97a4bce7"},
    {file = "black-26.3.1-cp312-cp312-win_amd64.whl", hash = "sha256:ddb113db38838eb9f043623ba274cfaf7d51d5b0c22ecb30afe58b1bb8322983"},
    {file = "black-26.3.1-cp312-cp312-win_arm64.whl", hash = "sha256:dfdd51fc3e64ea4f35873d1b3fb25326773d55d2329ff8449139ebaad7357efb"},
    {file = "black-26.3.1-cp313-cp313-macosx_10_13_x86_64.whl", hash = "sha256:855822d90f884905362f602880ed8b5df1b7e3ee7d0db2502d4388a954cc8c54"},
    {file = "black-26.3.1-cp313-cp313-macosx_11_0_arm64.whl", hash = "sha256:8a33d657f3276328ce00e4d37fe70361e1ec7614da5d7b6e78de5426cb56332f"},
    {file = "black-26.3.1-cp313-cp313-manylinux2014_x86_64.manylinux_2_17_x86_64.manylinux_2_28_x86_64.whl", hash = "sha256:f1cd08e99d2f9317292a311dfe578fd2a24b15dbce97792f9c4d752275c1fa56"},
    {file = "black-26.3.1-cp313-cp313-win_amd64.whl", hash = "sha256:c7e72339f841b5a237ff14f7d3880ddd0fc7f98a1199e8c4327f9a4f478c1839"},
    {file = "black-26.3.1-cp313-cp313-win_arm64.whl", hash = "sha256:afc622538b430aa4c8c853f7f63bc582b3b8030fd8c80b70fb5fa5b834e575c2"},
    {file = "black-26.3.1-cp314-cp314-macosx_10_15_x86_64.whl", hash = "sha256:2d6bfaf7fd0993b420bed691f20f9492d53ce9a2bcccea4b797d34e947318a78"},
    {file = "black-26.3.1-cp314-cp314-macosx_11_0_arm64.whl", hash = "sha256:f89f2ab047c76a9c03f78d0d66ca519e389519902fa27e7a91117ef7611c0568"},
    {file = "black-26.3.1-cp314-cp314-manylinux2014_x86_64.manylinux_2_17_x86_64.manylinux_2_28_x86_64.whl", hash = "sha256:b07fc0dab849d24a80a29cfab8d8a19187d1c4685d8a5e6385a5ce323c1f015f"},
    {file = "black-26.3.1-cp314-cp314-win_amd64.whl", hash = "sha256:0126ae5b7c09957da2bdbd91a9ba1207453feada9e9fe51992848658c6c8e01c"},
    {file = "black-26.3.1-cp314-cp314-win_arm64.whl", hash = "sha256:92c0ec1f2cc149551a2b7b47efc32c866406b6891b0ee4625e95967c8f4acfb1"},
    {file = "black-26.3.1-py3-none-any.whl", hash = "sha256:2bd5aa94fc267d38bb21a70d7410a89f1a1d318841855f698746f8e7f51acd1b"},
    {file = "black-26.3.1.tar.gz", hash = "sha256:2c50f5063a9641c7eed7795014ba37b0f5fa227f3d408b968936e24bc0566b07"},
]

[package.dependencies]
click = ">=8.0.0"
mypy-extensions = ">=0.4.3"
packaging = ">=22.0"
pathspec = ">=1.0.0"
platformdirs = ">=2"
pytokens = ">=0.4.0,<0.5.0"

[package.extras]
colorama = ["colorama (>=0.4.3)"]
d = ["aiohttp (>=3.10)"]
jupyter = ["ipython (>=7.8.0)", "tokenize-rt (>=3.2.0)"]
uvloop = ["uvloop (>=0.15.2) ; sys_platform != \"win32\"", "winloop (>=0.5.0) ; sys_platform == \"win32\""]

[[package]]
name = "certifi"
version = "2025.6.15"
description = "Python package for providing Mozilla's CA Bundle."
optional = false
python-versions = ">=3.7"
groups = ["main"]
files = [
    {file = "certifi-2025.6.15-py3-none-any.whl", hash = "sha256:2e0c7ce7cb5d8f8634ca55d2ba7e6ec2689a2fd6537d8dec1296a477a4910057"},
    {file = "certifi-2025.6.15.tar.gz", hash = "sha256:d747aa5a8b9bbbb1bb8c22bb13e22bd1f18e9796defa16bab421f7f7a317323b"},
]

[[package]]
name = "charset-normalizer"
version = "3.4.2"
description = "The Real First Universal Charset Detector. Open, modern and actively maintained alternative to Chardet."
optional = false
python-versions = ">=3.7"
groups = ["main"]
files = [
    {file = "charset_normalizer-3.4.2-cp310-cp310-macosx_10_9_universal2.whl", hash = "sha256:7c48ed483eb946e6c04ccbe02c6b4d1d48e51944b6db70f697e089c193404941"},
    {file = "charset_normalizer-3.4.2-cp310-cp310-manylinux_2_17_aarch64.manylinux2014_aarch64.whl", hash = "sha256:b2d318c11350e10662026ad0eb71bb51c7812fc8590825304ae0bdd4ac283acd"},
    {file = "charset_normalizer-3.4.2-cp310-cp310-manylinux_2_17_ppc64le.manylinux2014_ppc64le.whl", hash = "sha256:9cbfacf36cb0ec2897ce0ebc5d08ca44213af24265bd56eca54bee7923c48fd6"},
    {file = "charset_normalizer-3.4.2-cp310-cp310-manylinux_2_17_s390x.manylinux2014_s390x.whl", hash = "sha256:18dd2e350387c87dabe711b86f83c9c78af772c748904d372ade190b5c7c9d4d"},
    {file = "charset_normalizer-3.4.2-cp310-cp310-manylinux_2_17_x86_64.manylinux2014_x86_64.whl", hash = "sha256:8075c35cd58273fee266c58c0c9b670947c19df5fb98e7b66710e04ad4e9ff86"},
    {file = "charset_normalizer-3.4.2-cp310-cp310-manylinux_2_5_i686.manylinux1_i686.manylinux_2_17_i686.manylinux2014_i686.whl", hash = "sha256:5bf4545e3b962767e5c06fe1738f951f77d27967cb2caa64c28be7c4563e162c"},
    {file = "charset_normalizer-3.4.2-cp310-cp310-musllinux_1_2_aarch64.whl", hash = "sha256:7a6ab32f7210554a96cd9e33abe3ddd86732beeafc7a28e9955cdf22ffadbab0"},
    {file = "charset_normalizer-3.4.2-cp310-cp310-musllinux_1_2_i686.whl", hash = "sha256:b33de11b92e9f75a2b545d6e9b6f37e398d86c3e9e9653c4864eb7e89c5773ef"},
    {file = "charset_normalizer-3.4.2-cp310-cp310-musllinux_1_2_ppc64le.whl", hash = "sha256:8755483f3c00d6c9a77f490c17e6ab0c8729e39e6390328e42521ef175380ae6"},
    {file = "charset_normalizer-3.4.2-cp310-cp310-musllinux_1_2_s390x.whl", hash = "sha256:68a328e5f55ec37c57f19ebb1fdc56a248db2e3e9ad769919a58672958e8f366"},
    {file = "charset_normalizer-3.4.2-cp310-cp310-musllinux_1_2_x86_64.whl", hash = "sha256:21b2899062867b0e1fde9b724f8aecb1af14f2778d69aacd1a5a1853a597a5db"},
    {file = "charset_normalizer-3.4.2-cp310-cp310-win32.whl", hash = "sha256:e8082b26888e2f8b36a042a58307d5b917ef2b1cacab921ad3323ef91901c71a"},
    {file = "charset_normalizer-3.4.2-cp310-cp310-win_amd64.whl", hash = "sha256:f69a27e45c43520f5487f27627059b64aaf160415589230992cec34c5e18a509"},
    {file = "charset_normalizer-3.4.2-cp311-cp311-macosx_10_9_universal2.whl", hash = "sha256:be1e352acbe3c78727a16a455126d9ff83ea2dfdcbc83148d2982305a04714c2"},
    {file = "charset_normalizer-3.4.2-cp311-cp311-manylinux_2_17_aarch64.manylinux2014_aarch64.whl", hash = "sha256:aa88ca0b1932e93f2d961bf3addbb2db902198dca337d88c89e1559e066e7645"},
    {file = "charset_normalizer-3.4.2-cp311-cp311-manylinux_2_17_ppc64le.manylinux2014_ppc64le.whl", hash = "sha256:d524ba3f1581b35c03cb42beebab4a13e6cdad7b36246bd22541fa585a56cccd"},
    {file = "charset_normalizer-3.4.2-cp311-cp311-manylinux_2_17_s390x.manylinux2014_s390x.whl", hash = "sha256:28a1005facc94196e1fb3e82a3d442a9d9110b8434fc1ded7a24a2983c9888d8"},
    {file = "charset_normalizer-3.4.2-cp311-cp311-manylinux_2_17_x86_64.manylinux2014_x86_64.whl", hash = "sha256:fdb20a30fe1175ecabed17cbf7812f7b804b8a315a25f24678bcdf120a90077f"},
    {file = "charset_normalizer-3.4.2-cp311-cp311-manylinux_2_5_i686.manylinux1_i686.manylinux_2_17_i686.manylinux2014_i686.whl", hash = "sha256:0f5d9ed7f254402c9e7d35d2f5972c9bbea9040e99cd2861bd77dc68263277c7"},
    {file = "charset_normalizer-3.4.2-cp311-cp311-musllinux_1_2_aarch64.whl", hash = "sha256:efd387a49825780ff861998cd959767800d54f8308936b21025326de4b5a42b9"},
    {file = "charset_normalizer-3.4.2-cp311-cp311-musllinux_1_2_i686.whl", hash = "sha256:f0aa37f3c979cf2546b73e8222bbfa3dc07a641585340179d768068e3455e544"},
    {file = "charset_normalizer-3.4.2-cp311-cp311-musllinux_1_2_ppc64le.whl", hash = "sha256:e70e990b2137b29dc5564715de1e12701815dacc1d056308e2b17e9095372a82"},
    {file = "charset_normalizer-3.4.2-cp311-cp311-musllinux_1_2_s390x.whl", hash = "sha256:0c8c57f84ccfc871a48a47321cfa49ae1df56cd1d965a09abe84066f6853b9c0"},
    {file = "charset_normalizer-3.4.2-cp311-cp311-musllinux_1_2_x86_64.whl", hash = "sha256:6b66f92b17849b85cad91259efc341dce9c1af48e2173bf38a85c6329f1033e5"},
    {file = "charset_normalizer-3.4.2-cp311-cp311-win32.whl", hash = "sha256:daac4765328a919a805fa5e2720f3e94767abd632ae410a9062dff5412bae65a"},
    {file = "charset_normalizer-3.4.2-cp311-cp311-win_amd64.whl", hash = "sha256:e53efc7c7cee4c1e70661e2e112ca46a575f90ed9ae3fef200f2a25e954f4b28"},
    {file = "charset_normalizer-3.4.2-cp312-cp312-macosx_10_13_universal2.whl", hash = "sha256:0c29de6a1a95f24b9a1aa7aefd27d2487263f00dfd55a77719b530788f75cff7"},
    {file = "charset_normalizer-3.4.2-cp312-cp312-manylinux_2_17_aarch64.manylinux2014_aarch64.whl", hash = "sha256:cddf7bd982eaa998934a91f69d182aec997c6c468898efe6679af88283b498d3"},
    {file = "charset_normalizer-3.4.2-cp312-cp312-manylinux_2_17_ppc64le.manylinux2014_ppc64le.whl", hash = "sha256:fcbe676a55d7445b22c10967bceaaf0ee69407fbe0ece4d032b6eb8d4565982a"},
    {file = "charset_normalizer-3.4.2-cp312-cp312-manylinux_2_17_s390x.manylinux2014_s390x.whl", hash = "sha256:d41c4d287cfc69060fa91cae9683eacffad989f1a10811995fa309df656ec214"},
    {file = "charset_normalizer-3.4.2-cp312-cp312-manylinux_2_17_x86_64.manylinux2014_x86_64.whl", hash = "sha256:4e594135de17ab3866138f496755f302b72157d115086d100c3f19370839dd3a"},
    {file = "charset_normalizer-3.4.2-cp312-cp312-manylinux_2_5_i686.manylinux1_i686.manylinux_2_17_i686.manylinux2014_i686.whl", hash = "sha256:cf713fe9a71ef6fd5adf7a79670135081cd4431c2943864757f0fa3a65b1fafd"},
    {file = "charset_normalizer-3.4.2-cp312-cp312-musllinux_1_2_aarch64.whl", hash = "sha256:a370b3e078e418187da8c3674eddb9d983ec09445c99a3a263c2011993522981"},
    {file = "charset_normalizer-3.4.2-cp312-cp312-musllinux_1_2_i686.whl", hash = "sha256:a955b438e62efdf7e0b7b52a64dc5c3396e2634baa62471768a64bc2adb73d5c"},
    {file = "charset_normalizer-3.4.2-cp312-cp312-musllinux_1_2_ppc64le.whl", hash = "sha256:7222ffd5e4de8e57e03ce2cef95a4c43c98fcb72ad86909abdfc2c17d227fc1b"},
    {file = "charset_normalizer-3.4.2-cp312-cp312-musllinux_1_2_s390x.whl", hash = "sha256:bee093bf902e1d8fc0ac143c88902c3dfc8941f7ea1d6a8dd2bcb786d33db03d"},
    {file = "charset_normalizer-3.4.2-cp312-cp312-musllinux_1_2_x86_64.whl", hash = "sha256:dedb8adb91d11846ee08bec4c8236c8549ac721c245678282dcb06b221aab59f"},
    {file = "charset_normalizer-3.4.2-cp312-cp312-win32.whl", hash = "sha256:db4c7bf0e07fc3b7d89ac2a5880a6a8062056801b83ff56d8464b70f65482b6c"},
    {file = "charset_normalizer-3.4.2-cp312-cp312-win_amd64.whl", hash = "sha256:5a9979887252a82fefd3d3ed2a8e3b937a7a809f65dcb1e068b090e165bbe99e"},
    {file = "charset_normalizer-3.4.2-cp313-cp313-macosx_10_13_universal2.whl", hash = "sha256:926ca93accd5d36ccdabd803392ddc3e03e6d4cd1cf17deff3b989ab8e9dbcf0"},
    {file = "charset_normalizer-3.4.2-cp313-cp313-manylinux_2_17_aarch64.manylinux2014_aarch64.whl", hash = "sha256:eba9904b0f38a143592d9fc0e19e2df0fa2e41c3c3745554761c5f6447eedabf"},
    {file = "charset_normalizer-3.4.2-cp313-cp313-manylinux_2_17_ppc64le.manylinux2014_ppc64le.whl", hash = "sha256:3fddb7e2c84ac87ac3a947cb4e66d143ca5863ef48e4a5ecb83bd48619e4634e"},
    {file = "charset_normalizer-3.4.2-cp313-cp313-manylinux_2_17_s390x.manylinux2014_s390x.whl", hash = "sha256:98f862da73774290f251b9df8d11161b6cf25b599a66baf087c1ffe340e9bfd1"},
    {file = "charset_normalizer-3.4.2-cp313-cp313-manylinux_2_17_x86_64.manylinux2014_x86_64.whl", hash = "sha256:6c9379d65defcab82d07b2a9dfbfc2e95bc8fe0ebb1b176a3190230a3ef0e07c"},
    {file = "charset_normalizer-3.4.2-cp313-cp313-manylinux_2_5_i686.manylinux1_i686.manylinux_2_17_i686.manylinux2014_i686.whl", hash = "sha256:e635b87f01ebc977342e2697d05b56632f5f879a4f15955dfe8cef2448b51691"},
    {file = "charset_normalizer-3.4.2-cp313-cp313-musllinux_1_2_aarch64.whl", hash = "sha256:1c95a1e2902a8b722868587c0e1184ad5c55631de5afc0eb96bc4b0d738092c0"},
    {file = "charset_normalizer-3.4.2-cp313-cp313-musllinux_1_2_i686.whl", hash = "sha256:ef8de666d6179b009dce7bcb2ad4c4a779f113f12caf8dc77f0162c29d20490b"},
    {file = "charset_normalizer-3.4.2-cp313-cp313-musllinux_1_2_ppc64le.whl", hash = "sha256:32fc0341d72e0f73f80acb0a2c94216bd704f4f0bce10aedea38f30502b271ff"},
    {file = "charset_normalizer-3.4.2-cp313-cp313-musllinux_1_2_s390x.whl", hash = "sha256:289200a18fa698949d2b39c671c2cc7a24d44096784e76614899a7ccf2574b7b"},
    {file = "charset_normalizer-3.4.2-cp313-cp313-musllinux_1_2_x86_64.whl", hash = "sha256:4a476b06fbcf359ad25d34a057b7219281286ae2477cc5ff5e3f70a246971148"},
    {file = "charset_normalizer-3.4.2-cp313-cp313-win32.whl", hash = "sha256:aaeeb6a479c7667fbe1099af9617c83aaca22182d6cf8c53966491a0f1b7ffb7"},
    {file = "charset_normalizer-3.4.2-cp313-cp313-win_amd64.whl", hash = "sha256:aa6af9e7d59f9c12b33ae4e9450619cf2488e2bbe9b44030905877f0b2324980"},
    {file = "charset_normalizer-3.4.2-cp37-cp37m-manylinux_2_17_aarch64.manylinux2014_aarch64.whl", hash = "sha256:1cad5f45b3146325bb38d6855642f6fd609c3f7cad4dbaf75549bf3b904d3184"},
    {file = "charset_normalizer-3.4.2-cp37-cp37m-manylinux_2_17_ppc64le.manylinux2014_ppc64le.whl", hash = "sha256:b2680962a4848b3c4f155dc2ee64505a9c57186d0d56b43123b17ca3de18f0fa"},
    {file = "charset_normalizer-3.4.2-cp37-cp37m-manylinux_2_17_s390x.manylinux2014_s390x.whl", hash = "sha256:36b31da18b8890a76ec181c3cf44326bf2c48e36d393ca1b72b3f484113ea344"},
    {file = "charset_normalizer-3.4.2-cp37-cp37m-manylinux_2_17_x86_64.manylinux2014_x86_64.whl", hash = "sha256:f4074c5a429281bf056ddd4c5d3b740ebca4d43ffffe2ef4bf4d2d05114299da"},
    {file = "charset_normalizer-3.4.2-cp37-cp37m-manylinux_2_5_i686.manylinux1_i686.manylinux_2_17_i686.manylinux2014_i686.whl", hash = "sha256:c9e36a97bee9b86ef9a1cf7bb96747eb7a15c2f22bdb5b516434b00f2a599f02"},
    {file = "charset_normalizer-3.4.2-cp37-cp37m-musllinux_1_2_aarch64.whl", hash = "sha256:1b1bde144d98e446b056ef98e59c256e9294f6b74d7af6846bf5ffdafd687a7d"},
    {file = "charset_normalizer-3.4.2-cp37-cp37m-musllinux_1_2_i686.whl", hash = "sha256:915f3849a011c1f593ab99092f3cecfcb4d65d8feb4a64cf1bf2d22074dc0ec4"},
    {file = "charset_normalizer-3.4.2-cp37-cp37m-musllinux_1_2_ppc64le.whl", hash = "sha256:fb707f3e15060adf5b7ada797624a6c6e0138e2a26baa089df64c68ee98e040f"},
    {file = "charset_normalizer-3.4.2-cp37-cp37m-musllinux_1_2_s390x.whl", hash = "sha256:25a23ea5c7edc53e0f29bae2c44fcb5a1aa10591aae107f2a2b2583a9c5cbc64"},
    {file = "charset_normalizer-3.4.2-cp37-cp37m-musllinux_1_2_x86_64.whl", hash = "sha256:770cab594ecf99ae64c236bc9ee3439c3f46be49796e265ce0cc8bc17b10294f"},
    {file = "charset_normalizer-3.4.2-cp37-cp37m-win32.whl", hash = "sha256:6a0289e4589e8bdfef02a80478f1dfcb14f0ab696b5a00e1f4b8a14a307a3c58"},
    {file = "charset_normalizer-3.4.2-cp37-cp37m-win_amd64.whl", hash = "sha256:6fc1f5b51fa4cecaa18f2bd7a003f3dd039dd615cd69a2afd6d3b19aed6775f2"},
    {file = "charset_normalizer-3.4.2-cp38-cp38-macosx_10_9_universal2.whl", hash = "sha256:76af085e67e56c8816c3ccf256ebd136def2ed9654525348cfa744b6802b69eb"},
    {file = "charset_normalizer-3.4.2-cp38-cp38-manylinux_2_17_aarch64.manylinux2014_aarch64.whl", hash = "sha256:e45ba65510e2647721e35323d6ef54c7974959f6081b58d4ef5d87c60c84919a"},
    {file = "charset_normalizer-3.4.2-cp38-cp38-manylinux_2_17_ppc64le.manylinux2014_ppc64le.whl", hash = "sha256:046595208aae0120559a67693ecc65dd75d46f7bf687f159127046628178dc45"},
    {file = "charset_normalizer-3.4.2-cp38-cp38-manylinux_2_17_s390x.manylinux2014_s390x.whl", hash = "sha256:75d10d37a47afee94919c4fab4c22b9bc2a8bf7d4f46f87363bcf0573f3ff4f5"},
    {file = "charset_normalizer-3.4.2-cp38-cp38-manylinux_2_17_x86_64.manylinux2014_x86_64.whl", hash = "sha256:6333b3aa5a12c26b2a4d4e7335a28f1475e0e5e17d69d55141ee3cab736f66d1"},
    {file = "charset_normalizer-3.4.2-cp38-cp38-manylinux_2_5_i686.manylinux1_i686.manylinux_2_17_i686.manylinux2014_i686.whl", hash = "sha256:e8323a9b031aa0393768b87f04b4164a40037fb2a3c11ac06a03ffecd3618027"},
    {file = "charset_normalizer-3.4.2-cp38-cp38-musllinux_1_2_aarch64.whl", hash = "sha256:24498ba8ed6c2e0b56d4acbf83f2d989720a93b41d712ebd4f4979660db4417b"},
    {file = "charset_normalizer-3.4.2-cp38-cp38-musllinux_1_2_i686.whl", hash = "sha256:844da2b5728b5ce0e32d863af26f32b5ce61bc4273a9c720a9f3aa9df73b1455"},
    {file = "charset_normalizer-3.4.2-cp38-cp38-musllinux_1_2_ppc64le.whl", hash = "sha256:65c981bdbd3f57670af8b59777cbfae75364b483fa8a9f420f08094531d54a01"},
    {file = "charset_normalizer-3.4.2-cp38-cp38-musllinux_1_2_s390x.whl", hash = "sha256:3c21d4fca343c805a52c0c78edc01e3477f6dd1ad7c47653241cf2a206d4fc58"},
    {file = "charset_normalizer-3.4.2-cp38-cp38-musllinux_1_2_x86_64.whl", hash = "sha256:dc7039885fa1baf9be153a0626e337aa7ec8bf96b0128605fb0d77788ddc1681"},
    {file = "charset_normalizer-3.4.2-cp38-cp38-win32.whl", hash = "sha256:8272b73e1c5603666618805fe821edba66892e2870058c94c53147602eab29c7"},
    {file = "charset_normalizer-3.4.2-cp38-cp38-win_amd64.whl", hash = "sha256:70f7172939fdf8790425ba31915bfbe8335030f05b9913d7ae00a87d4395620a"},
    {file = "charset_normalizer-3.4.2-cp39-cp39-macosx_10_9_universal2.whl", hash = "sha256:005fa3432484527f9732ebd315da8da8001593e2cf46a3d817669f062c3d9ed4"},
    {file = "charset_normalizer-3.4.2-cp39-cp39-manylinux_2_17_aarch64.manylinux2014_aarch64.whl", hash = "sha256:e92fca20c46e9f5e1bb485887d074918b13543b1c2a1185e69bb8d17ab6236a7"},
    {file = "charset_normalizer-3.4.2-cp39-cp39-manylinux_2_17_ppc64le.manylinux2014_ppc64le.whl", hash = "sha256:50bf98d5e563b83cc29471fa114366e6806bc06bc7a25fd59641e41445327836"},
    {file = "charset_normalizer-3.4.2-cp39-cp39-manylinux_2_17_s390x.manylinux2014_s390x.whl", hash = "sha256:721c76e84fe669be19c5791da68232ca2e05ba5185575086e384352e2c309597"},
    {file = "charset_normalizer-3.4.2-cp39-cp39-manylinux_2_17_x86_64.manylinux2014_x86_64.whl", hash = "sha256:82d8fd25b7f4675d0c47cf95b594d4e7b158aca33b76aa63d07186e13c0e0ab7"},
    {file = "charset_normalizer-3.4.2-cp39-cp39-manylinux_2_5_i686.manylinux1_i686.manylinux_2_17_i686.manylinux2014_i686.whl", hash = "sha256:b3daeac64d5b371dea99714f08ffc2c208522ec6b06fbc7866a450dd446f5c0f"},
    {file = "charset_normalizer-3.4.2-cp39-cp39-musllinux_1_2_aarch64.whl", hash = "sha256:dccab8d5fa1ef9bfba0590ecf4d46df048d18ffe3eec01eeb73a42e0d9e7a8ba"},
    {file = "charset_normalizer-3.4.2-cp39-cp39-musllinux_1_2_i686.whl", hash = "sha256:aaf27faa992bfee0264dc1f03f4c75e9fcdda66a519db6b957a3f826e285cf12"},
    {file = "charset_normalizer-3.4.2-cp39-cp39-musllinux_1_2_ppc64le.whl", hash = "sha256:eb30abc20df9ab0814b5a2524f23d75dcf83cde762c161917a2b4b7b55b1e518"},
    {file = "charset_normalizer-3.4.2-cp39-cp39-musllinux_1_2_s390x.whl", hash = "sha256:c72fbbe68c6f32f251bdc08b8611c7b3060612236e960ef848e0a517ddbe76c5"},
    {file = "charset_normalizer-3.4.2-cp39-cp39-musllinux_1_2_x86_64.whl", hash = "sha256:982bb1e8b4ffda883b3d0a521e23abcd6fd17418f6d2c4118d257a10199c0ce3"},
    {file = "charset_normalizer-3.4.2-cp39-cp39-win32.whl", hash = "sha256:43e0933a0eff183ee85833f341ec567c0980dae57c464d8a508e1b2ceb336471"},
    {file = "charset_normalizer-3.4.2-cp39-cp39-win_amd64.whl", hash = "sha256:d11b54acf878eef558599658b0ffca78138c8c3655cf4f3a4a673c437e67732e"},
    {file = "charset_normalizer-3.4.2-py3-none-any.whl", hash = "sha256:7f56930ab0abd1c45cd15be65cc741c28b1c9a34876ce8c17a2fa107810c0af0"},
    {file = "charset_normalizer-3.4.2.tar.gz", hash = "sha256:5baececa9ecba31eff645232d59845c07aa030f0c81ee70184a90d35099a0e63"},
]

[[package]]
name = "click"
version = "8.2.1"
description = "Composable command line interface toolkit"
optional = false
python-versions = ">=3.10"
groups = ["dev"]
files = [
    {file = "click-8.2.1-py3-none-any.whl", hash = "sha256:61a3265b914e850b85317d0b3109c7f8cd35a670f963866005d6ef1d5175a12b"},
    {file = "click-8.2.1.tar.gz", hash = "sha256:27c491cc05d968d271d5a1db13e3b5a184636d9d930f148c50b038f0d0646202"},
]

[package.dependencies]
colorama = {version = "*", markers = "platform_system == \"Windows\""}

[[package]]
name = "colorama"
version = "0.4.6"
description = "Cross-platform colored terminal text."
optional = false
python-versions = "!=3.0.*,!=3.1.*,!=3.2.*,!=3.3.*,!=3.4.*,!=3.5.*,!=3.6.*,>=2.7"
groups = ["main", "dev"]
files = [
    {file = "colorama-0.4.6-py2.py3-none-any.whl", hash = "sha256:4f1d9991f5acc0ca119f9d443620b77f9d6b33703e51011c16baf57afb285fc6"},
    {file = "colorama-0.4.6.tar.gz", hash = "sha256:08695f5cb7ed6e0531a20572697297273c47b8cae5a63ffc6d6ed5c201be6e44"},
]
markers = {main = "sys_platform == \"win32\"", dev = "platform_system == \"Windows\""}

[[package]]
name = "decorator"
version = "5.2.1"
description = "Decorators for Humans"
optional = false
python-versions = ">=3.8"
groups = ["main"]
files = [
    {file = "decorator-5.2.1-py3-none-any.whl", hash = "sha256:d316bb415a2d9e2d2b3abcc4084c6502fc09240e292cd76a76afc106a1c8e04a"},
    {file = "decorator-5.2.1.tar.gz", hash = "sha256:65f266143752f734b0a7cc83c46f4618af75b8c5911b00ccb61d0ac9b6da0360"},
]

[[package]]
name = "idna"
version = "3.10"
description = "Internationalized Domain Names in Applications (IDNA)"
optional = false
python-versions = ">=3.6"
groups = ["main"]
files = [
    {file = "idna-3.10-py3-none-any.whl", hash = "sha256:946d195a0d259cbba61165e88e65941f16e9b36ea6ddb97f00452bae8b1287d3"},
    {file = "idna-3.10.tar.gz", hash = "sha256:12f65c9b470abda6dc35cf8e63cc574b1c52b11df2c86030af0ac09b01b13ea9"},
]

[package.extras]
all = ["flake8 (>=7.1.1)", "mypy (>=1.11.2)", "pytest (>=8.3.2)", "ruff (>=0.6.2)"]

[[package]]
name = "iniconfig"
version = "2.1.0"
description = "brain-dead simple config-ini parsing"
optional = false
python-versions = ">=3.8"
groups = ["main"]
files = [
    {file = "iniconfig-2.1.0-py3-none-any.whl", hash = "sha256:9deba5723312380e77435581c6bf4935c94cbfab9b1ed33ef8d238ea168eb760"},
    {file = "iniconfig-2.1.0.tar.gz", hash = "sha256:3abbd2e30b36733fee78f9c7f7308f2d0050e88f0087fd25c2645f63c773e1c7"},
]

[[package]]
name = "mypy-extensions"
version = "1.1.0"
description = "Type system extensions for programs checked with the mypy type checker."
optional = false
python-versions = ">=3.8"
groups = ["dev"]
files = [
    {file = "mypy_extensions-1.1.0-py3-none-any.whl", hash = "sha256:1be4cccdb0f2482337c4743e60421de3a356cd97508abadd57d47403e94f5505"},
    {file = "mypy_extensions-1.1.0.tar.gz", hash = "sha256:52e68efc3284861e772bbcd66823fde5ae21fd2fdb51c62a211403730b916558"},
]

[[package]]
name = "packaging"
version = "25.0"
description = "Core utilities for Python packages"
optional = false
python-versions = ">=3.8"
groups = ["main", "dev"]
files = [
    {file = "packaging-25.0-py3-none-any.whl", hash = "sha256:29572ef2b1f17581046b3a2227d5c611fb25ec70ca1ba8554b24b0e69331a484"},
    {file = "packaging-25.0.tar.gz", hash = "sha256:d443872c98d677bf60f6a1f2f8c1cb748e8fe762d2bf9d3148b5599295b0fc4f"},
]

[[package]]
name = "pathspec"
version = "1.0.4"
description = "Utility library for gitignore style pattern matching of file paths."
optional = false
python-versions = ">=3.9"
groups = ["dev"]
files = [
    {file = "pathspec-1.0.4-py3-none-any.whl", hash = "sha256:fb6ae2fd4e7c921a165808a552060e722767cfa526f99ca5156ed2ce45a5c723"},
    {file = "pathspec-1.0.4.tar.gz", hash = "sha256:0210e2ae8a21a9137c0d470578cb0e595af87edaa6ebf12ff176f14a02e0e645"},
]

[package.extras]
hyperscan = ["hyperscan (>=0.7)"]
optional = ["typing-extensions (>=4)"]
re2 = ["google-re2 (>=1.1)"]
tests = ["pytest (>=9)", "typing-extensions (>=4.15)"]

[[package]]
name = "platformdirs"
version = "4.3.8"
description = "A small Python package for determining appropriate platform-specific dirs, e.g. a `user data dir`."
optional = false
python-versions = ">=3.9"
groups = ["dev"]
files = [
    {file = "platformdirs-4.3.8-py3-none-any.whl", hash = "sha256:ff7059bb7eb1179e2685604f4aaf157cfd9535242bd23742eadc3c13542139b4"},
    {file = "platformdirs-4.3.8.tar.gz", hash = "sha256:3d512d96e16bcb959a814c9f348431070822a6496326a4be0911c40b5a74c2bc"},
]

[package.extras]
docs = ["furo (>=2024.8.6)", "proselint (>=0.14)", "sphinx (>=8.1.3)", "sphinx-autodoc-typehints (>=3)"]
test = ["appdirs (==1.4.4)", "covdefaults (>=2.3)", "pytest (>=8.3.4)", "pytest-cov (>=6)", "pytest-mock (>=3.14)"]
type = ["mypy (>=1.14.1)"]

[[package]]
name = "pluggy"
version = "1.6.0"
description = "plugin and hook calling mechanisms for python"
optional = false
python-versions = ">=3.9"
groups = ["main"]
files = [
    {file = "pluggy-1.6.0-py3-none-any.whl", hash = "sha256:e920276dd6813095e9377c0bc5566d94c932c33b27a3e3945d8389c374dd4746"},
    {file = "pluggy-1.6.0.tar.gz", hash = "sha256:7dcc130b76258d33b90f61b658791dede3486c3e6bfb003ee5c9bfb396dd22f3"},
]

[package.extras]
dev = ["pre-commit", "tox"]
testing = ["coverage", "pytest", "pytest-benchmark"]

[[package]]
name = "polling"
version = "0.3.2"
description = "Powerful polling utility with many configurable options"
optional = false
python-versions = "*"
groups = ["main"]
files = [
    {file = "polling-0.3.2.tar.gz", hash = "sha256:3afd62320c99b725c70f379964bf548b302fc7f04d4604e6c315d9012309cc9a"},
]

[[package]]
name = "pygments"
version = "2.19.2"
description = "Pygments is a syntax highlighting package written in Python."
optional = false
python-versions = ">=3.8"
groups = ["main"]
files = [
    {file = "pygments-2.19.2-py3-none-any.whl", hash = "sha256:86540386c03d588bb81d44bc3928634ff26449851e99741617ecb9037ee5ec0b"},
    {file = "pygments-2.19.2.tar.gz", hash = "sha256:636cb2477cec7f8952536970bc533bc43743542f70392ae026374600add5b887"},
]

[package.extras]
windows-terminal = ["colorama (>=0.4.6)"]

[[package]]
name = "pytest"
version = "8.4.1"
description = "pytest: simple powerful testing with Python"
optional = false
python-versions = ">=3.9"
groups = ["main"]
files = [
    {file = "pytest-8.4.1-py3-none-any.whl", hash = "sha256:539c70ba6fcead8e78eebbf1115e8b589e7565830d7d006a8723f19ac8a0afb7"},
    {file = "pytest-8.4.1.tar.gz", hash = "sha256:7c67fd69174877359ed9371ec3af8a3d2b04741818c51e5e99cc1742251fa93c"},
]

[package.dependencies]
colorama = {version = ">=0.4", markers = "sys_platform == \"win32\""}
iniconfig = ">=1"
packaging = ">=20"
pluggy = ">=1.5,<2"
pygments = ">=2.7.2"

[package.extras]
dev = ["argcomplete", "attrs (>=19.2)", "hypothesis (>=3.56)", "mock", "requests", "setuptools", "xmlschema"]

[[package]]
name = "pytokens"
version = "0.4.1"
description = "A Fast, spec compliant Python 3.14+ tokenizer that runs on older Pythons."
optional = false
python-versions = ">=3.8"
groups = ["dev"]
files = [
    {file = "pytokens-0.4.1-cp310-cp310-macosx_11_0_arm64.whl", hash = "sha256:2a44ed93ea23415c54f3face3b65ef2b844d96aeb3455b8a69b3df6beab6acc5"},
    {file = "pytokens-0.4.1-cp310-cp310-manylinux2014_aarch64.manylinux_2_17_aarch64.manylinux_2_28_aarch64.whl", hash = "sha256:add8bf86b71a5d9fb5b89f023a80b791e04fba57960aa790cc6125f7f1d39dfe"},
    {file = "pytokens-0.4.1-cp310-cp310-manylinux2014_x86_64.manylinux_2_17_x86_64.manylinux_2_28_x86_64.whl", hash = "sha256:670d286910b531c7b7e3c0b453fd8156f250adb140146d234a82219459b9640c"},
    {file = "pytokens-0.4.1-cp310-cp310-musllinux_1_2_x86_64.whl", hash = "sha256:4e691d7f5186bd2842c14813f79f8884bb03f5995f0575272009982c5ac6c0f7"},
    {file = "pytokens-0.4.1-cp310-cp310-win_amd64.whl", hash = "sha256:27b83ad28825978742beef057bfe406ad6ed524b2d28c252c5de7b4a6dd48fa2"},
    {file = "pytokens-0.4.1-cp311-cp311-macosx_11_0_arm64.whl", hash = "sha256:d70e77c55ae8380c91c0c18dea05951482e263982911fc7410b1ffd1dadd3440"},
    {file = "pytokens-0.4.1-cp311-cp311-manylinux2014_aarch64.manylinux_2_17_aarch64.manylinux_2_28_aarch64.whl", hash = "sha256:4a58d057208cb9075c144950d789511220b07636dd2e4708d5645d24de666bdc"},
    {file = "pytokens-0.4.1-cp311-cp311-manylinux2014_x86_64.manylinux_2_17_x86_64.manylinux_2_28_x86_64.whl", hash = "sha256:b49750419d300e2b5a3813cf229d4e5a4c728dae470bcc89867a9ad6f25a722d"},
    {file = "pytokens-0.4.1-cp311-cp311-musllinux_1_2_x86_64.whl", hash = "sha256:d9907d61f15bf7261d7e775bd5d7ee4d2930e04424bab1972591918497623a16"},
    {file = "pytokens-0.4.1-cp311-cp311-win_amd64.whl", hash = "sha256:ee44d0f85b803321710f9239f335aafe16553b39106384cef8e6de40cb4ef2f6"},
    {file = "pytokens-0.4.1-cp312-cp312-macosx_11_0_arm64.whl", hash = "sha256:140709331e846b728475786df8aeb27d24f48cbcf7bcd449f8de75cae7a45083"},
    {file = "pytokens-0.4.1-cp312-cp312-manylinux2014_aarch64.manylinux_2_17_aarch64.manylinux_2_28_aarch64.whl", hash = "sha256:6d6c4268598f762bc8e91f5dbf2ab2f61f7b95bdc07953b602db879b3c8c18e1"},
    {file = "pytokens-0.4.1-cp312-cp312-manylinux2014_x86_64.manylinux_2_17_x86_64.manylinux_2_28_x86_64.whl", hash = "sha256:24afde1f53d95348b5a0eb19488661147285ca4dd7ed752bbc3e1c6242a304d1"},
    {file = "pytokens-0.4.1-cp312-cp312-musllinux_1_2_x86_64.whl", hash = "sha256:5ad948d085ed6c16413eb5fec6b3e02fa00dc29a2534f088d3302c47eb59adf9"},
    {file = "pytokens-0.4.1-cp312-cp312-win_amd64.whl", hash = "sha256:3f901fe783e06e48e8cbdc82d631fca8f118333798193e026a50ce1b3757ea68"},
    {file = "pytokens-0.4.1-cp313-cp313-macosx_11_0_arm64.whl", hash = "sha256:8bdb9d0ce90cbf99c525e75a2fa415144fd570a1ba987380190e8b786bc6ef9b"},
    {file = "pytokens-0.4.1-cp313-cp313-manylinux2014_aarch64.manylinux_2_17_aarch64.manylinux_2_28_aarch64.whl", hash = "sha256:5502408cab1cb18e128570f8d598981c68a50d0cbd7c61312a90507cd3a1276f"},
    {file = "pytokens-0.4.1-cp313-cp313-manylinux2014_x86_64.manylinux_2_17_x86_64.manylinux_2_28_x86_64.whl", hash = "sha256:29d1d8fb1030af4d231789959f21821ab6325e463f0503a61d204343c9b355d1"},
    {file = "pytokens-0.4.1-cp313-cp313-musllinux_1_2_x86_64.whl", hash = "sha256:970b08dd6b86058b6dc07efe9e98414f5102974716232d10f32ff39701e841c4"},
    {file = "pytokens-0.4.1-cp313-cp313-win_amd64.whl", hash = "sha256:9bd7d7f544d362576be74f9d5901a22f317efc20046efe2034dced238cbbfe78"},
    {file = "pytokens-0.4.1-cp314-cp314-macosx_11_0_arm64.whl", hash = "sha256:4a14d5f5fc78ce85e426aa159489e2d5961acf0e47575e08f35584009178e321"},
    {file = "pytokens-0.4.1-cp314-cp314-manylinux2014_aarch64.manylinux_2_17_aarch64.manylinux_2_28_aarch64.whl", hash = "sha256:97f50fd18543be72da51dd505e2ed20d2228c74e0464e4262e4899797803d7fa"},
    {file = "pytokens-0.4.1-cp314-cp314-manylinux2014_x86_64.manylinux_2_17_x86_64.manylinux_2_28_x86_64.whl", hash = "sha256:dc74c035f9bfca0255c1af77ddd2d6ae8419012805453e4b0e7513e17904545d"},
    {file = "pytokens-0.4.1-cp314-cp314-musllinux_1_2_x86_64.whl", hash = "sha256:f66a6bbe741bd431f6d741e617e0f39ec7257ca1f89089593479347cc4d13324"},
    {file = "pytokens-0.4.1-cp314-cp314-win_amd64.whl", hash = "sha256:b35d7e5ad269804f6697727702da3c517bb8a5228afa450ab0fa787732055fc9"},
    {file = "pytokens-0.4.1-cp314-cp314t-macosx_11_0_arm64.whl", hash = "sha256:8fcb9ba3709ff77e77f1c7022ff11d13553f3c30299a9fe246a166903e9091eb"},
    {file = "pytokens-0.4.1-cp314-cp314t-manylinux2014_aarch64.manylinux_2_17_aarch64.manylinux_2_28_aarch64.whl", hash = "sha256:79fc6b8699564e1f9b521582c35435f1bd32dd06822322ec44afdeba666d8cb3"},
    {file = "pytokens-0.4.1-cp314-cp314t-manylinux2014_x86_64.manylinux_2_17_x86_64.manylinux_2_28_x86_64.whl", hash = "sha256:d31b97b3de0f61571a124a00ffe9a81fb9939146c122c11060725bd5aea79975"},
    {file = "pytokens-0.4.1-cp314-cp314t-musllinux_1_2_x86_64.whl", hash = "sha256:967cf6e3fd4adf7de8fc73cd3043754ae79c36475c1c11d514fc72cf5490094a"},
    {file = "pytokens-0.4.1-cp314-cp314t-win_amd64.whl", hash = "sha256:584c80c24b078eec1e227079d56dc22ff755e0ba8654d8383b2c549107528918"},
    {file = "pytokens-0.4.1-cp38-cp38-macosx_11_0_arm64.whl", hash = "sha256:da5baeaf7116dced9c6bb76dc31ba04a2dc3695f3d9f74741d7910122b456edc"},
    {file = "pytokens-0.4.1-cp38-cp38-manylinux2014_aarch64.manylinux_2_17_aarch64.manylinux_2_28_aarch64.whl", hash = "sha256:11edda0942da80ff58c4408407616a310adecae1ddd22eef8c692fe266fa5009"},
    {file = "pytokens-0.4.1-cp38-cp38-manylinux2014_x86_64.manylinux_2_17_x86_64.manylinux_2_28_x86_64.whl", hash = "sha256:0fc71786e629cef478cbf29d7ea1923299181d0699dbe7c3c0f4a583811d9fc1"},
    {file = "pytokens-0.4.1-cp38-cp38-musllinux_1_2_x86_64.whl", hash = "sha256:dcafc12c30dbaf1e2af0490978352e0c4041a7cde31f4f81435c2a5e8b9cabb6"},
    {file = "pytokens-0.4.1-cp38-cp38-win_amd64.whl", hash = "sha256:42f144f3aafa5d92bad964d471a581651e28b24434d184871bd02e3a0d956037"},
    {file = "pytokens-0.4.1-cp39-cp39-macosx_11_0_arm64.whl", hash = "sha256:34bcc734bd2f2d5fe3b34e7b3c0116bfb2397f2d9666139988e7a3eb5f7400e3"},
    {file = "pytokens-0.4.1-cp39-cp39-manylinux2014_aarch64.manylinux_2_17_aarch64.manylinux_2_28_aarch64.whl", hash = "sha256:941d4343bf27b605e9213b26bfa1c4bf197c9c599a9627eb7305b0defcfe40c1"},
    {file = "pytokens-0.4.1-cp39-cp39-manylinux2014_x86_64.manylinux_2_17_x86_64.manylinux_2_28_x86_64.whl", hash = "sha256:3ad72b851e781478366288743198101e5eb34a414f1d5627cdd585ca3b25f1db"},
    {file = "pytokens-0.4.1-cp39-cp39-musllinux_1_2_x86_64.whl", hash = "sha256:682fa37ff4d8e95f7df6fe6fe6a431e8ed8e788023c6bcc0f0880a12eab80ad1"},
    {file = "pytokens-0.4.1-cp39-cp39-win_amd64.whl", hash = "sha256:30f51edd9bb7f85c748979384165601d028b84f7bd13fe14d3e065304093916a"},
    {file = "pytokens-0.4.1-py3-none-any.whl", hash = "sha256:26cef14744a8385f35d0e095dc8b3a7583f6c953c2e3d269c7f82484bf5ad2de"},
    {file = "pytokens-0.4.1.tar.gz", hash = "sha256:292052fe80923aae2260c073f822ceba21f3872ced9a68bb7953b348e561179a"},
]

[package.extras]
dev = ["black", "build", "mypy", "pytest", "pytest-cov", "setuptools", "tox", "twine", "wheel"]

[[package]]
name = "requests"
version = "2.33.0"
description = "Python HTTP for Humans."
optional = false
python-versions = ">=3.10"
groups = ["main"]
files = [
    {file = "requests-2.33.0-py3-none-any.whl", hash = "sha256:3324635456fa185245e24865e810cecec7b4caf933d7eb133dcde67d48cee69b"},
    {file = "requests-2.33.0.tar.gz", hash = "sha256:c7ebc5e8b0f21837386ad0e1c8fe8b829fa5f544d8df3b2253bff14ef29d7652"},
]

[package.dependencies]
certifi = ">=2023.5.7"
charset_normalizer = ">=2,<4"
idna = ">=2.5,<4"
urllib3 = ">=1.26,<3"

[package.extras]
socks = ["PySocks (>=1.5.6,!=1.5.7)"]
test = ["PySocks (>=1.5.6,!=1.5.7)", "pytest (>=3)", "pytest-cov", "pytest-httpbin (==2.1.0)", "pytest-mock", "pytest-xdist"]
use-chardet-on-py3 = ["chardet (>=3.0.2,<8)"]

[[package]]
name = "urllib3"
version = "2.6.3"
description = "HTTP library with thread-safe connection pooling, file post, and more."
optional = false
python-versions = ">=3.9"
groups = ["main"]
files = [
    {file = "urllib3-2.6.3-py3-none-any.whl", hash = "sha256:bf272323e553dfb2e87d9bfd225ca7b0f467b919d7bbd355436d3fd37cb0acd4"},
    {file = "urllib3-2.6.3.tar.gz", hash = "sha256:1b62b6884944a57dbe321509ab94fd4d3b307075e0c2eae991ac71ee15ad38ed"},
]

[package.extras]
brotli = ["brotli (>=1.2.0) ; platform_python_implementation == \"CPython\"", "brotlicffi (>=1.2.0.0) ; platform_python_implementation != \"CPython\""]
h2 = ["h2 (>=4,<5)"]
socks = ["pysocks (>=1.5.6,!=1.5.7,<2.0)"]
zstd = ["backports-zstd (>=1.0.0) ; python_version < \"3.14\""]

[metadata]
lock-version = "2.1"
python-versions = "^3.12"
content-hash = "7cab007930d68c6028d6b5146ab01b89ec22a35218a62368492a8d409706b7f2"
